// !$*UTF8*$!
{
	archiveVersion = 1;
	classes = {
	};
	objectVersion = 46;
	objects = {

/* Begin PBXBuildFile section */
		993022FF14423AA80093088F /* planet.frag in Resources */ = {isa = PBXBuildFile; fileRef = 993418EB14421B8400AD3D2B /* planet.frag */; };
		9930230014423AA80093088F /* planet.vert in Resources */ = {isa = PBXBuildFile; fileRef = 993418EC14421B8400AD3D2B /* planet.vert */; };
		9946F0AC141EAF6A00D707A1 /* world.cpp in Sources */ = {isa = PBXBuildFile; fileRef = 9946F0AB141EAF6A00D707A1 /* world.cpp */; };
		998D7CD4141D584F008C99DC /* icone.png in Resources */ = {isa = PBXBuildFile; fileRef = 998D7CD3141D584F008C99DC /* icone.png */; };
		999262B91400003B00E9576C /* engine.cpp in Sources */ = {isa = PBXBuildFile; fileRef = 999262B81400003B00E9576C /* engine.cpp */; };
		999262BD1400017B00E9576C /* tank.cpp in Sources */ = {isa = PBXBuildFile; fileRef = 999262BC1400017B00E9576C /* tank.cpp */; };
		999262C0140007EE00E9576C /* engine_group.cpp in Sources */ = {isa = PBXBuildFile; fileRef = 999262BF140007EE00E9576C /* engine_group.cpp */; };
		999D135614291713004AD23A /* orbitalElements.cpp in Sources */ = {isa = PBXBuildFile; fileRef = 999D135514291713004AD23A /* orbitalElements.cpp */; };
		999D1359142926A9004AD23A /* clock.cpp in Sources */ = {isa = PBXBuildFile; fileRef = 999D1358142926A9004AD23A /* clock.cpp */; };
		99F48EA113FED2B100FB2261 /* Cocoa.framework in Frameworks */ = {isa = PBXBuildFile; fileRef = 99F48EA013FED2B100FB2261 /* Cocoa.framework */; };
		99F48EAB13FED2B100FB2261 /* InfoPlist.strings in Resources */ = {isa = PBXBuildFile; fileRef = 99F48EA913FED2B100FB2261 /* InfoPlist.strings */; };
		99F48EAD13FED2B100FB2261 /* main.cpp in Sources */ = {isa = PBXBuildFile; fileRef = 99F48EAC13FED2B100FB2261 /* main.cpp */; };
		99F48EB113FED2B100FB2261 /* Credits.rtf in Resources */ = {isa = PBXBuildFile; fileRef = 99F48EAF13FED2B100FB2261 /* Credits.rtf */; };
		99F48F3813FEEEA900FB2261 /* vessel.cpp in Sources */ = {isa = PBXBuildFile; fileRef = 99F48F3713FEEEA900FB2261 /* vessel.cpp */; };
		99F48F3E13FEF04B00FB2261 /* misc.cpp in Sources */ = {isa = PBXBuildFile; fileRef = 99F48F3D13FEF04B00FB2261 /* misc.cpp */; };
		99F48F4613FF040800FB2261 /* util.cpp in Sources */ = {isa = PBXBuildFile; fileRef = 99F48F4313FF040700FB2261 /* util.cpp */; };
		99F48F4713FF040800FB2261 /* spice.cpp in Sources */ = {isa = PBXBuildFile; fileRef = 99F48F4513FF040700FB2261 /* spice.cpp */; };
		99F48F4F13FF048D00FB2261 /* planet.cpp in Sources */ = {isa = PBXBuildFile; fileRef = 99F48F4E13FF048D00FB2261 /* planet.cpp */; };
/* End PBXBuildFile section */

/* Begin PBXFileReference section */
		993418EB14421B8400AD3D2B /* planet.frag */ = {isa = PBXFileReference; fileEncoding = 4; lastKnownFileType = sourcecode.glsl; name = planet.frag; path = "Space Explorer/planet.frag"; sourceTree = "<group>"; };
		993418EC14421B8400AD3D2B /* planet.vert */ = {isa = PBXFileReference; fileEncoding = 4; lastKnownFileType = sourcecode.glsl; name = planet.vert; path = "Space Explorer/planet.vert"; sourceTree = "<group>"; };
		9946F0A9141EAF5F00D707A1 /* world.h */ = {isa = PBXFileReference; fileEncoding = 4; lastKnownFileType = sourcecode.c.h; path = world.h; sourceTree = "<group>"; };
		9946F0AB141EAF6A00D707A1 /* world.cpp */ = {isa = PBXFileReference; fileEncoding = 4; lastKnownFileType = sourcecode.cpp.cpp; path = world.cpp; sourceTree = "<group>"; };
		998D7CD3141D584F008C99DC /* icone.png */ = {isa = PBXFileReference; lastKnownFileType = image.png; path = icone.png; sourceTree = "<group>"; };
		999262B61400003200E9576C /* engine.h */ = {isa = PBXFileReference; fileEncoding = 4; lastKnownFileType = sourcecode.c.h; path = engine.h; sourceTree = "<group>"; };
		999262B81400003B00E9576C /* engine.cpp */ = {isa = PBXFileReference; fileEncoding = 4; lastKnownFileType = sourcecode.cpp.cpp; path = engine.cpp; sourceTree = "<group>"; };
		999262BB1400017200E9576C /* tank.h */ = {isa = PBXFileReference; fileEncoding = 4; lastKnownFileType = sourcecode.c.h; path = tank.h; sourceTree = "<group>"; };
		999262BC1400017B00E9576C /* tank.cpp */ = {isa = PBXFileReference; fileEncoding = 4; lastKnownFileType = sourcecode.cpp.cpp; path = tank.cpp; sourceTree = "<group>"; };
		999262BE140007DE00E9576C /* engine_group.h */ = {isa = PBXFileReference; fileEncoding = 4; lastKnownFileType = sourcecode.c.h; path = engine_group.h; sourceTree = "<group>"; };
		999262BF140007EE00E9576C /* engine_group.cpp */ = {isa = PBXFileReference; fileEncoding = 4; lastKnownFileType = sourcecode.cpp.cpp; path = engine_group.cpp; sourceTree = "<group>"; };
		999D1353142916F5004AD23A /* orbitalElements.h */ = {isa = PBXFileReference; fileEncoding = 4; lastKnownFileType = sourcecode.c.h; path = orbitalElements.h; sourceTree = "<group>"; };
		999D135514291713004AD23A /* orbitalElements.cpp */ = {isa = PBXFileReference; fileEncoding = 4; lastKnownFileType = sourcecode.cpp.cpp; path = orbitalElements.cpp; sourceTree = "<group>"; };
		999D13571429269D004AD23A /* clock.h */ = {isa = PBXFileReference; fileEncoding = 4; lastKnownFileType = sourcecode.c.h; path = clock.h; sourceTree = "<group>"; };
		999D1358142926A9004AD23A /* clock.cpp */ = {isa = PBXFileReference; fileEncoding = 4; lastKnownFileType = sourcecode.cpp.cpp; path = clock.cpp; sourceTree = "<group>"; };
		99F48E9C13FED2B100FB2261 /* Space Explorer.app */ = {isa = PBXFileReference; explicitFileType = wrapper.application; includeInIndex = 0; path = "Space Explorer.app"; sourceTree = BUILT_PRODUCTS_DIR; };
		99F48EA013FED2B100FB2261 /* Cocoa.framework */ = {isa = PBXFileReference; lastKnownFileType = wrapper.framework; name = Cocoa.framework; path = System/Library/Frameworks/Cocoa.framework; sourceTree = SDKROOT; };
		99F48EA313FED2B100FB2261 /* AppKit.framework */ = {isa = PBXFileReference; lastKnownFileType = wrapper.framework; name = AppKit.framework; path = System/Library/Frameworks/AppKit.framework; sourceTree = SDKROOT; };
		99F48EA413FED2B100FB2261 /* CoreData.framework */ = {isa = PBXFileReference; lastKnownFileType = wrapper.framework; name = CoreData.framework; path = System/Library/Frameworks/CoreData.framework; sourceTree = SDKROOT; };
		99F48EA513FED2B100FB2261 /* Foundation.framework */ = {isa = PBXFileReference; lastKnownFileType = wrapper.framework; name = Foundation.framework; path = System/Library/Frameworks/Foundation.framework; sourceTree = SDKROOT; };
		99F48EA813FED2B100FB2261 /* Space Explorer-Info.plist */ = {isa = PBXFileReference; lastKnownFileType = text.plist.xml; path = "Space Explorer-Info.plist"; sourceTree = "<group>"; };
		99F48EAA13FED2B100FB2261 /* en */ = {isa = PBXFileReference; lastKnownFileType = text.plist.strings; name = en; path = en.lproj/InfoPlist.strings; sourceTree = "<group>"; };
		99F48EAC13FED2B100FB2261 /* main.cpp */ = {isa = PBXFileReference; lastKnownFileType = sourcecode.cpp.cpp; path = main.cpp; sourceTree = "<group>"; };
		99F48EAE13FED2B100FB2261 /* Space Explorer-Prefix.pch */ = {isa = PBXFileReference; lastKnownFileType = sourcecode.c.h; path = "Space Explorer-Prefix.pch"; sourceTree = "<group>"; };
		99F48EB013FED2B100FB2261 /* en */ = {isa = PBXFileReference; lastKnownFileType = text.rtf; name = en; path = en.lproj/Credits.rtf; sourceTree = "<group>"; };
		99F48F3713FEEEA900FB2261 /* vessel.cpp */ = {isa = PBXFileReference; fileEncoding = 4; lastKnownFileType = sourcecode.cpp.cpp; path = vessel.cpp; sourceTree = "<group>"; };
		99F48F3913FEEEB800FB2261 /* vessel.h */ = {isa = PBXFileReference; fileEncoding = 4; lastKnownFileType = sourcecode.c.h; path = vessel.h; sourceTree = "<group>"; };
		99F48F3C13FEF01700FB2261 /* misc.h */ = {isa = PBXFileReference; fileEncoding = 4; lastKnownFileType = sourcecode.c.h; path = misc.h; sourceTree = "<group>"; };
		99F48F3D13FEF04B00FB2261 /* misc.cpp */ = {isa = PBXFileReference; fileEncoding = 4; lastKnownFileType = sourcecode.cpp.cpp; path = misc.cpp; sourceTree = "<group>"; };
		99F48F4213FF040700FB2261 /* util.h */ = {isa = PBXFileReference; fileEncoding = 4; lastKnownFileType = sourcecode.c.h; path = util.h; sourceTree = "<group>"; };
		99F48F4313FF040700FB2261 /* util.cpp */ = {isa = PBXFileReference; fileEncoding = 4; lastKnownFileType = sourcecode.cpp.cpp; path = util.cpp; sourceTree = "<group>"; };
		99F48F4413FF040700FB2261 /* spice.h */ = {isa = PBXFileReference; fileEncoding = 4; lastKnownFileType = sourcecode.c.h; path = spice.h; sourceTree = "<group>"; };
		99F48F4513FF040700FB2261 /* spice.cpp */ = {isa = PBXFileReference; fileEncoding = 4; lastKnownFileType = sourcecode.cpp.cpp; path = spice.cpp; sourceTree = "<group>"; };
		99F48F4D13FF048600FB2261 /* planet.h */ = {isa = PBXFileReference; fileEncoding = 4; lastKnownFileType = sourcecode.c.h; path = planet.h; sourceTree = "<group>"; };
		99F48F4E13FF048D00FB2261 /* planet.cpp */ = {isa = PBXFileReference; fileEncoding = 4; lastKnownFileType = sourcecode.cpp.cpp; path = planet.cpp; sourceTree = "<group>"; };
/* End PBXFileReference section */

/* Begin PBXFrameworksBuildPhase section */
		99F48E9913FED2B100FB2261 /* Frameworks */ = {
			isa = PBXFrameworksBuildPhase;
			buildActionMask = 2147483647;
			files = (
				99F48EA113FED2B100FB2261 /* Cocoa.framework in Frameworks */,
			);
			runOnlyForDeploymentPostprocessing = 0;
		};
/* End PBXFrameworksBuildPhase section */

/* Begin PBXGroup section */
		99F48E9113FED2B100FB2261 = {
			isa = PBXGroup;
			children = (
				99F48EBD13FED4D000FB2261 /* Resources */,
				99F48EA613FED2B100FB2261 /* Space Explorer */,
				99F48E9F13FED2B100FB2261 /* Frameworks */,
				99F48E9D13FED2B100FB2261 /* Products */,
			);
			sourceTree = "<group>";
		};
		99F48E9D13FED2B100FB2261 /* Products */ = {
			isa = PBXGroup;
			children = (
				99F48E9C13FED2B100FB2261 /* Space Explorer.app */,
			);
			name = Products;
			sourceTree = "<group>";
		};
		99F48E9F13FED2B100FB2261 /* Frameworks */ = {
			isa = PBXGroup;
			children = (
				99F48EA013FED2B100FB2261 /* Cocoa.framework */,
				99F48EA213FED2B100FB2261 /* Other Frameworks */,
			);
			name = Frameworks;
			sourceTree = "<group>";
		};
		99F48EA213FED2B100FB2261 /* Other Frameworks */ = {
			isa = PBXGroup;
			children = (
				99F48EA313FED2B100FB2261 /* AppKit.framework */,
				99F48EA413FED2B100FB2261 /* CoreData.framework */,
				99F48EA513FED2B100FB2261 /* Foundation.framework */,
			);
			name = "Other Frameworks";
			sourceTree = "<group>";
		};
		99F48EA613FED2B100FB2261 /* Space Explorer */ = {
			isa = PBXGroup;
			children = (
				99F48F4813FF041100FB2261 /* SPICE */,
				99F48F3613FEEE7B00FB2261 /* include */,
				99F48F3513FEEE7700FB2261 /* src */,
				99F48EAC13FED2B100FB2261 /* main.cpp */,
				99F48EA713FED2B100FB2261 /* Supporting Files */,
			);
			path = "Space Explorer";
			sourceTree = "<group>";
		};
		99F48EA713FED2B100FB2261 /* Supporting Files */ = {
			isa = PBXGroup;
			children = (
				998D7CD3141D584F008C99DC /* icone.png */,
				99F48EA813FED2B100FB2261 /* Space Explorer-Info.plist */,
				99F48EA913FED2B100FB2261 /* InfoPlist.strings */,
				99F48EAE13FED2B100FB2261 /* Space Explorer-Prefix.pch */,
				99F48EAF13FED2B100FB2261 /* Credits.rtf */,
			);
			name = "Supporting Files";
			sourceTree = "<group>";
		};
		99F48EBD13FED4D000FB2261 /* Resources */ = {
			isa = PBXGroup;
			children = (
				993418EB14421B8400AD3D2B /* planet.frag */,
				993418EC14421B8400AD3D2B /* planet.vert */,
			);
			name = Resources;
			sourceTree = "<group>";
		};
		99F48F3513FEEE7700FB2261 /* src */ = {
			isa = PBXGroup;
			children = (
				99F48F3D13FEF04B00FB2261 /* misc.cpp */,
				999262BC1400017B00E9576C /* tank.cpp */,
				999262B81400003B00E9576C /* engine.cpp */,
				999262BF140007EE00E9576C /* engine_group.cpp */,
				999D135514291713004AD23A /* orbitalElements.cpp */,
				99F48F3713FEEEA900FB2261 /* vessel.cpp */,
				99F48F4E13FF048D00FB2261 /* planet.cpp */,
				999D1358142926A9004AD23A /* clock.cpp */,
				9946F0AB141EAF6A00D707A1 /* world.cpp */,
			);
			name = src;
			sourceTree = "<group>";
		};
		99F48F3613FEEE7B00FB2261 /* include */ = {
			isa = PBXGroup;
			children = (
				99F48F3C13FEF01700FB2261 /* misc.h */,
				999262BB1400017200E9576C /* tank.h */,
				999262B61400003200E9576C /* engine.h */,
				999262BE140007DE00E9576C /* engine_group.h */,
				999D1353142916F5004AD23A /* orbitalElements.h */,
				99F48F3913FEEEB800FB2261 /* vessel.h */,
				99F48F4D13FF048600FB2261 /* planet.h */,
				999D13571429269D004AD23A /* clock.h */,
				9946F0A9141EAF5F00D707A1 /* world.h */,
			);
			name = include;
			sourceTree = "<group>";
		};
		99F48F4813FF041100FB2261 /* SPICE */ = {
			isa = PBXGroup;
			children = (
				99F48F4213FF040700FB2261 /* util.h */,
				99F48F4313FF040700FB2261 /* util.cpp */,
				99F48F4413FF040700FB2261 /* spice.h */,
				99F48F4513FF040700FB2261 /* spice.cpp */,
			);
			name = SPICE;
			sourceTree = "<group>";
		};
/* End PBXGroup section */

/* Begin PBXNativeTarget section */
		99F48E9B13FED2B100FB2261 /* Space Explorer */ = {
			isa = PBXNativeTarget;
			buildConfigurationList = 99F48EBA13FED2B200FB2261 /* Build configuration list for PBXNativeTarget "Space Explorer" */;
			buildPhases = (
				99F48E9813FED2B100FB2261 /* Sources */,
				99F48E9913FED2B100FB2261 /* Frameworks */,
				99F48E9A13FED2B100FB2261 /* Resources */,
			);
			buildRules = (
			);
			dependencies = (
			);
			name = "Space Explorer";
			productName = "Space Explorer";
			productReference = 99F48E9C13FED2B100FB2261 /* Space Explorer.app */;
			productType = "com.apple.product-type.application";
		};
/* End PBXNativeTarget section */

/* Begin PBXProject section */
		99F48E9313FED2B100FB2261 /* Project object */ = {
			isa = PBXProject;
			attributes = {
				LastUpgradeCheck = 0410;
				ORGANIZATIONNAME = "EADS Astrium ST";
			};
			buildConfigurationList = 99F48E9613FED2B100FB2261 /* Build configuration list for PBXProject "Space Explorer" */;
			compatibilityVersion = "Xcode 3.2";
			developmentRegion = English;
			hasScannedForEncodings = 0;
			knownRegions = (
				en,
			);
			mainGroup = 99F48E9113FED2B100FB2261;
			productRefGroup = 99F48E9D13FED2B100FB2261 /* Products */;
			projectDirPath = "";
			projectRoot = "";
			targets = (
				99F48E9B13FED2B100FB2261 /* Space Explorer */,
			);
		};
/* End PBXProject section */

/* Begin PBXResourcesBuildPhase section */
		99F48E9A13FED2B100FB2261 /* Resources */ = {
			isa = PBXResourcesBuildPhase;
			buildActionMask = 2147483647;
			files = (
				993022FF14423AA80093088F /* planet.frag in Resources */,
				9930230014423AA80093088F /* planet.vert in Resources */,
				99F48EAB13FED2B100FB2261 /* InfoPlist.strings in Resources */,
				99F48EB113FED2B100FB2261 /* Credits.rtf in Resources */,
				998D7CD4141D584F008C99DC /* icone.png in Resources */,
			);
			runOnlyForDeploymentPostprocessing = 0;
		};
/* End PBXResourcesBuildPhase section */

/* Begin PBXSourcesBuildPhase section */
		99F48E9813FED2B100FB2261 /* Sources */ = {
			isa = PBXSourcesBuildPhase;
			buildActionMask = 2147483647;
			files = (
				99F48EAD13FED2B100FB2261 /* main.cpp in Sources */,
				99F48F3813FEEEA900FB2261 /* vessel.cpp in Sources */,
				99F48F3E13FEF04B00FB2261 /* misc.cpp in Sources */,
				99F48F4613FF040800FB2261 /* util.cpp in Sources */,
				99F48F4713FF040800FB2261 /* spice.cpp in Sources */,
				99F48F4F13FF048D00FB2261 /* planet.cpp in Sources */,
				999262B91400003B00E9576C /* engine.cpp in Sources */,
				999262BD1400017B00E9576C /* tank.cpp in Sources */,
				999262C0140007EE00E9576C /* engine_group.cpp in Sources */,
				9946F0AC141EAF6A00D707A1 /* world.cpp in Sources */,
				999D135614291713004AD23A /* orbitalElements.cpp in Sources */,
				999D1359142926A9004AD23A /* clock.cpp in Sources */,
			);
			runOnlyForDeploymentPostprocessing = 0;
		};
/* End PBXSourcesBuildPhase section */

/* Begin PBXVariantGroup section */
		99F48EA913FED2B100FB2261 /* InfoPlist.strings */ = {
			isa = PBXVariantGroup;
			children = (
				99F48EAA13FED2B100FB2261 /* en */,
			);
			name = InfoPlist.strings;
			sourceTree = "<group>";
		};
		99F48EAF13FED2B100FB2261 /* Credits.rtf */ = {
			isa = PBXVariantGroup;
			children = (
				99F48EB013FED2B100FB2261 /* en */,
			);
			name = Credits.rtf;
			sourceTree = "<group>";
		};
/* End PBXVariantGroup section */

/* Begin XCBuildConfiguration section */
		99F48EB813FED2B200FB2261 /* Debug */ = {
			isa = XCBuildConfiguration;
			buildSettings = {
				ALWAYS_SEARCH_USER_PATHS = NO;
				ARCHS = "$(ARCHS_STANDARD_64_BIT)";
				COPY_PHASE_STRIP = NO;
				GCC_C_LANGUAGE_STANDARD = gnu99;
				GCC_DYNAMIC_NO_PIC = NO;
				GCC_ENABLE_OBJC_EXCEPTIONS = YES;
				GCC_OPTIMIZATION_LEVEL = 0;
				GCC_PREPROCESSOR_DEFINITIONS = (
					"DEBUG=1",
					"$(inherited)",
				);
				GCC_SYMBOLS_PRIVATE_EXTERN = NO;
				GCC_VERSION = 4.2;
				GCC_WARN_64_TO_32_BIT_CONVERSION = YES;
				GCC_WARN_ABOUT_MISSING_PROTOTYPES = YES;
				GCC_WARN_ABOUT_RETURN_TYPE = YES;
				GCC_WARN_NON_VIRTUAL_DESTRUCTOR = YES;
				GCC_WARN_UNUSED_VARIABLE = YES;
				MACOSX_DEPLOYMENT_TARGET = 10.6;
				ONLY_ACTIVE_ARCH = YES;
				SDKROOT = macosx10.6;
			};
			name = Debug;
		};
		99F48EB913FED2B200FB2261 /* Release */ = {
			isa = XCBuildConfiguration;
			buildSettings = {
				ALWAYS_SEARCH_USER_PATHS = NO;
				ARCHS = "$(ARCHS_STANDARD_64_BIT)";
				COPY_PHASE_STRIP = YES;
				DEBUG_INFORMATION_FORMAT = "dwarf-with-dsym";
				GCC_C_LANGUAGE_STANDARD = gnu99;
				GCC_ENABLE_OBJC_EXCEPTIONS = YES;
				GCC_OPTIMIZATION_LEVEL = 2;
				GCC_VERSION = 4.2;
				GCC_WARN_64_TO_32_BIT_CONVERSION = YES;
				GCC_WARN_ABOUT_MISSING_PROTOTYPES = YES;
				GCC_WARN_ABOUT_RETURN_TYPE = YES;
				GCC_WARN_NON_VIRTUAL_DESTRUCTOR = YES;
				GCC_WARN_UNUSED_VARIABLE = YES;
				MACOSX_DEPLOYMENT_TARGET = 10.6;
				ONLY_ACTIVE_ARCH = NO;
				SDKROOT = macosx10.6;
			};
			name = Release;
		};
		99F48EBB13FED2B200FB2261 /* Debug */ = {
			isa = XCBuildConfiguration;
			buildSettings = {
				ARCHS = "$(ARCHS_STANDARD_64_BIT)";
				CODE_SIGN_IDENTITY = "";
				GCC_PRECOMPILE_PREFIX_HEADER = YES;
				GCC_PREFIX_HEADER = "Space Explorer/Space Explorer-Prefix.pch";
				GCC_VERSION = com.apple.compilers.llvmgcc42;
				HEADER_SEARCH_PATHS = (
					/opt/local/include,
					/usr/local/include/bullet,
					/usr/local/include,
				);
				INFOPLIST_FILE = "Space Explorer/Space Explorer-Info.plist";
				LIBRARY_SEARCH_PATHS = /usr/local/lib;
				MACOSX_DEPLOYMENT_TARGET = 10.6;
				ONLY_ACTIVE_ARCH = YES;
				OTHER_LDFLAGS = (
					"-losgEarth",
					"-lcspice",
					"-lxerces-c",
					"-losg",
					"-losgViewer",
					"-losgTerrain",
					"-losgUtil",
					"-lOpenThreads",
					"-losgText",
					"-losgDB",
					"-losgGA",
					"-losgwTools",
					"-lBulletDynamics",
					"-lBulletCollision",
					"-losgbCollision",
					"-lLinearMath",
					"-losgbDynamics",
				);
				PRODUCT_NAME = "$(TARGET_NAME)";
				SDKROOT = macosx10.6;
				VALID_ARCHS = x86_64;
				WRAPPER_EXTENSION = app;
			};
			name = Debug;
		};
		99F48EBC13FED2B200FB2261 /* Release */ = {
			isa = XCBuildConfiguration;
			buildSettings = {
				ARCHS = "$(ARCHS_STANDARD_64_BIT)";
				CODE_SIGN_IDENTITY = "";
				GCC_PRECOMPILE_PREFIX_HEADER = YES;
				GCC_PREFIX_HEADER = "Space Explorer/Space Explorer-Prefix.pch";
				GCC_VERSION = com.apple.compilers.llvmgcc42;
				HEADER_SEARCH_PATHS = (
					/opt/local/include,
					/usr/local/include/bullet,
					/usr/local/include,
				);
				INFOPLIST_FILE = "Space Explorer/Space Explorer-Info.plist";
				LIBRARY_SEARCH_PATHS = /usr/local/lib;
				MACOSX_DEPLOYMENT_TARGET = 10.6;
				ONLY_ACTIVE_ARCH = NO;
				OTHER_LDFLAGS = (
					"-losgEarth",
					"-lcspice",
					"-lxerces-c",
					"-losg",
					"-losgViewer",
					"-losgTerrain",
					"-losgUtil",
					"-lOpenThreads",
					"-losgText",
					"-losgDB",
					"-losgGA",
					"-losgwTools",
					"-lBulletDynamics",
					"-lBulletCollision",
					"-losgbCollision",
					"-lLinearMath",
					"-losgbDynamics",
				);
				PRODUCT_NAME = "$(TARGET_NAME)";
				SDKROOT = macosx10.6;
				VALID_ARCHS = x86_64;
				WRAPPER_EXTENSION = app;
			};
			name = Release;
		};
/* End XCBuildConfiguration section */

/* Begin XCConfigurationList section */
		99F48E9613FED2B100FB2261 /* Build configuration list for PBXProject "Space Explorer" */ = {
			isa = XCConfigurationList;
			buildConfigurations = (
				99F48EB813FED2B200FB2261 /* Debug */,
				99F48EB913FED2B200FB2261 /* Release */,
			);
			defaultConfigurationIsVisible = 0;
			defaultConfigurationName = Release;
		};
		99F48EBA13FED2B200FB2261 /* Build configuration list for PBXNativeTarget "Space Explorer" */ = {
			isa = XCConfigurationList;
			buildConfigurations = (
				99F48EBB13FED2B200FB2261 /* Debug */,
				99F48EBC13FED2B200FB2261 /* Release */,
			);
			defaultConfigurationIsVisible = 0;
			defaultConfigurationName = Release;
		};
/* End XCConfigurationList section */
	};
	rootObject = 99F48E9313FED2B100FB2261 /* Project object */;
}
